
Microsoft Visual Studio Solution File, Format Version 12.00
# Visual Studio Version 16
VisualStudioVersion = 16.0.30503.244
MinimumVisualStudioVersion = 10.0.40219.1
Project("{9A19103F-16F7-4668-BE54-9A1E7A4F7556}") = "assignment01", "assignment01\assignment01.csproj", "{378F92EB-3583-4FDC-B138-BF0A7E37D9F6}"
EndProject
Project("{FAE04EC0-301F-11D3-BF4B-00C04F79EFBC}") = "Triangle_Nunit", "Triangle_Nunit\Triangle_Nunit.csproj", "{4C0373EF-49E8-4EC0-B01B-283ACE052A7D}"
EndProject
Global
	GlobalSection(SolutionConfigurationPlatforms) = preSolution
		Debug|Any CPU = Debug|Any CPU
		Release|Any CPU = Release|Any CPU
	EndGlobalSection
	GlobalSection(ProjectConfigurationPlatforms) = postSolution
		{378F92EB-3583-4FDC-B138-BF0A7E37D9F6}.Debug|Any CPU.ActiveCfg = Debug|Any CPU
		{378F92EB-3583-4FDC-B138-BF0A7E37D9F6}.Debug|Any CPU.Build.0 = Debug|Any CPU
		{378F92EB-3583-4FDC-B138-BF0A7E37D9F6}.Release|Any CPU.ActiveCfg = Release|Any CPU
		{378F92EB-3583-4FDC-B138-BF0A7E37D9F6}.Release|Any CPU.Build.0 = Release|Any CPU
		{4C0373EF-49E8-4EC0-B01B-283ACE052A7D}.Debug|Any CPU.ActiveCfg = Debug|Any CPU
		{4C0373EF-49E8-4EC0-B01B-283ACE052A7D}.Debug|Any CPU.Build.0 = Debug|Any CPU
		{4C0373EF-49E8-4EC0-B01B-283ACE052A7D}.Release|Any CPU.ActiveCfg = Release|Any CPU
		{4C0373EF-49E8-4EC0-B01B-283ACE052A7D}.Release|Any CPU.Build.0 = Release|Any CPU
	EndGlobalSection
	GlobalSection(SolutionProperties) = preSolution
		HideSolutionNode = FALSE
	EndGlobalSection
	GlobalSection(ExtensibilityGlobals) = postSolution
		SolutionGuid = {83452C6E-47B3-4434-8C39-1816F045B729}
	EndGlobalSection
EndGlobal
